
Microsoft Visual Studio Solution File, Format Version 12.00
# Visual Studio Version 17
VisualStudioVersion = 17.11.35327.3
MinimumVisualStudioVersion = 10.0.40219.1
Project("{FAE04EC0-301F-11D3-BF4B-00C04F79EFBC}") = "RPG Game", "RPG Game\RPG Game.csproj", "{BCE9586C-2FF0-4A2A-A357-7DEEB1FC3860}"
EndProject
Project("{FAE04EC0-301F-11D3-BF4B-00C04F79EFBC}") = "RPG Game.Common", "RPG Game.Common\RPG Game.Common.csproj", "{BC3EDCB6-8E36-4C5A-9BAF-1C81D76BA23C}"
EndProject
Project("{FAE04EC0-301F-11D3-BF4B-00C04F79EFBC}") = "RPG Game.Data", "RPG Game.Data\RPG Game.Data.csproj", "{19F9EDF8-BA9D-4303-B0EA-C88D305B2250}"
EndProject
Global
	GlobalSection(SolutionConfigurationPlatforms) = preSolution
		Debug|Any CPU = Debug|Any CPU
		Release|Any CPU = Release|Any CPU
	EndGlobalSection
	GlobalSection(ProjectConfigurationPlatforms) = postSolution
		{BCE9586C-2FF0-4A2A-A357-7DEEB1FC3860}.Debug|Any CPU.ActiveCfg = Debug|Any CPU
		{BCE9586C-2FF0-4A2A-A357-7DEEB1FC3860}.Debug|Any CPU.Build.0 = Debug|Any CPU
		{BCE9586C-2FF0-4A2A-A357-7DEEB1FC3860}.Release|Any CPU.ActiveCfg = Release|Any CPU
		{BCE9586C-2FF0-4A2A-A357-7DEEB1FC3860}.Release|Any CPU.Build.0 = Release|Any CPU
		{BC3EDCB6-8E36-4C5A-9BAF-1C81D76BA23C}.Debug|Any CPU.ActiveCfg = Debug|Any CPU
		{BC3EDCB6-8E36-4C5A-9BAF-1C81D76BA23C}.Debug|Any CPU.Build.0 = Debug|Any CPU
		{BC3EDCB6-8E36-4C5A-9BAF-1C81D76BA23C}.Release|Any CPU.ActiveCfg = Release|Any CPU
		{BC3EDCB6-8E36-4C5A-9BAF-1C81D76BA23C}.Release|Any CPU.Build.0 = Release|Any CPU
		{19F9EDF8-BA9D-4303-B0EA-C88D305B2250}.Debug|Any CPU.ActiveCfg = Debug|Any CPU
		{19F9EDF8-BA9D-4303-B0EA-C88D305B2250}.Debug|Any CPU.Build.0 = Debug|Any CPU
		{19F9EDF8-BA9D-4303-B0EA-C88D305B2250}.Release|Any CPU.ActiveCfg = Release|Any CPU
		{19F9EDF8-BA9D-4303-B0EA-C88D305B2250}.Release|Any CPU.Build.0 = Release|Any CPU
	EndGlobalSection
	GlobalSection(SolutionProperties) = preSolution
		HideSolutionNode = FALSE
	EndGlobalSection
	GlobalSection(ExtensibilityGlobals) = postSolution
		SolutionGuid = {EB540A72-BF04-46B9-8037-CC6B3CDBD451}
	EndGlobalSection
EndGlobal
